
Microsoft Visual Studio Solution File, Format Version 12.00
# Visual Studio Version 16
VisualStudioVersion = 16.0.29215.179
MinimumVisualStudioVersion = 10.0.40219.1
Project("{FAE04EC0-301F-11D3-BF4B-00C04F79EFBC}") = "webEval", "webEval\webEval.csproj", "{73675B95-AD2A-4B01-9EB4-DBBB52D4E49C}"
EndProject
Project("{FAE04EC0-301F-11D3-BF4B-00C04F79EFBC}") = "apiEval", "apiEval\apiEval.csproj", "{3886BA7B-6671-4D7D-BAD9-298A02B79B19}"
EndProject
Global
	GlobalSection(SolutionConfigurationPlatforms) = preSolution
		Debug|Any CPU = Debug|Any CPU
		Release|Any CPU = Release|Any CPU
	EndGlobalSection
	GlobalSection(ProjectConfigurationPlatforms) = postSolution
		{73675B95-AD2A-4B01-9EB4-DBBB52D4E49C}.Debug|Any CPU.ActiveCfg = Debug|Any CPU
		{73675B95-AD2A-4B01-9EB4-DBBB52D4E49C}.Debug|Any CPU.Build.0 = Debug|Any CPU
		{73675B95-AD2A-4B01-9EB4-DBBB52D4E49C}.Release|Any CPU.ActiveCfg = Release|Any CPU
		{73675B95-AD2A-4B01-9EB4-DBBB52D4E49C}.Release|Any CPU.Build.0 = Release|Any CPU
		{3886BA7B-6671-4D7D-BAD9-298A02B79B19}.Debug|Any CPU.ActiveCfg = Debug|Any CPU
		{3886BA7B-6671-4D7D-BAD9-298A02B79B19}.Debug|Any CPU.Build.0 = Debug|Any CPU
		{3886BA7B-6671-4D7D-BAD9-298A02B79B19}.Release|Any CPU.ActiveCfg = Release|Any CPU
		{3886BA7B-6671-4D7D-BAD9-298A02B79B19}.Release|Any CPU.Build.0 = Release|Any CPU
	EndGlobalSection
	GlobalSection(SolutionProperties) = preSolution
		HideSolutionNode = FALSE
	EndGlobalSection
	GlobalSection(ExtensibilityGlobals) = postSolution
		SolutionGuid = {C9B55926-F9FE-45D6-BB67-E15D613A1379}
	EndGlobalSection
EndGlobal
